
Microsoft Visual Studio Solution File, Format Version 12.00
# Visual Studio 15
VisualStudioVersion = 15.0.26403.7
MinimumVisualStudioVersion = 10.0.40219.1
Project("{FAE04EC0-301F-11D3-BF4B-00C04F79EFBC}") = "CircuitSimulator.Core", "CircuitSimulator.Core\CircuitSimulator.Core.csproj", "{AC3E8537-7950-4D5E-BFF6-9D8FAF783A08}"
EndProject
Project("{FAE04EC0-301F-11D3-BF4B-00C04F79EFBC}") = "CircuitSimulator.Tests", "CircuitSimulator.Tests\CircuitSimulator.Tests.csproj", "{233C0A85-8803-4F5C-B8DF-46F7ECA731F1}"
EndProject
Global
	GlobalSection(SolutionConfigurationPlatforms) = preSolution
		Debug|Any CPU = Debug|Any CPU
		Release|Any CPU = Release|Any CPU
	EndGlobalSection
	GlobalSection(ProjectConfigurationPlatforms) = postSolution
		{AC3E8537-7950-4D5E-BFF6-9D8FAF783A08}.Debug|Any CPU.ActiveCfg = Debug|Any CPU
		{AC3E8537-7950-4D5E-BFF6-9D8FAF783A08}.Debug|Any CPU.Build.0 = Debug|Any CPU
		{AC3E8537-7950-4D5E-BFF6-9D8FAF783A08}.Release|Any CPU.ActiveCfg = Release|Any CPU
		{AC3E8537-7950-4D5E-BFF6-9D8FAF783A08}.Release|Any CPU.Build.0 = Release|Any CPU
		{233C0A85-8803-4F5C-B8DF-46F7ECA731F1}.Debug|Any CPU.ActiveCfg = Debug|Any CPU
		{233C0A85-8803-4F5C-B8DF-46F7ECA731F1}.Debug|Any CPU.Build.0 = Debug|Any CPU
		{233C0A85-8803-4F5C-B8DF-46F7ECA731F1}.Release|Any CPU.ActiveCfg = Release|Any CPU
		{233C0A85-8803-4F5C-B8DF-46F7ECA731F1}.Release|Any CPU.Build.0 = Release|Any CPU
	EndGlobalSection
	GlobalSection(SolutionProperties) = preSolution
		HideSolutionNode = FALSE
	EndGlobalSection
EndGlobal
